
Microsoft Visual Studio Solution File, Format Version 12.00
# Visual Studio Version 16
VisualStudioVersion = 16.0.34031.81
MinimumVisualStudioVersion = 10.0.40219.1
Project("{FAE04EC0-301F-11D3-BF4B-00C04F79EFBC}") = "PowerPoint", "PowerPoint\PowerPoint.csproj", "{C11995DA-C9CB-49AF-BD21-6954F0D02A68}"
EndProject
Global
	GlobalSection(SolutionConfigurationPlatforms) = preSolution
		Debug|Any CPU = Debug|Any CPU
		Release|Any CPU = Release|Any CPU
	EndGlobalSection
	GlobalSection(ProjectConfigurationPlatforms) = postSolution
		{C11995DA-C9CB-49AF-BD21-6954F0D02A68}.Debug|Any CPU.ActiveCfg = Debug|Any CPU
		{C11995DA-C9CB-49AF-BD21-6954F0D02A68}.Debug|Any CPU.Build.0 = Debug|Any CPU
		{C11995DA-C9CB-49AF-BD21-6954F0D02A68}.Release|Any CPU.ActiveCfg = Release|Any CPU
		{C11995DA-C9CB-49AF-BD21-6954F0D02A68}.Release|Any CPU.Build.0 = Release|Any CPU
	EndGlobalSection
	GlobalSection(SolutionProperties) = preSolution
		HideSolutionNode = FALSE
	EndGlobalSection
	GlobalSection(ExtensibilityGlobals) = postSolution
		SolutionGuid = {F6FE7555-70E5-4B36-B34D-52D748EF7BCA}
	EndGlobalSection
EndGlobal
